
Microsoft Visual Studio Solution File, Format Version 12.00
# Visual Studio Version 17
VisualStudioVersion = 17.11.35303.130
MinimumVisualStudioVersion = 10.0.40219.1
Project("{FAE04EC0-301F-11D3-BF4B-00C04F79EFBC}") = "MinimalApi", "MinimalApi\MinimalApi.csproj", "{DB621E8D-9D2F-4A01-BBE5-B5D608D2C3E1}"
EndProject
Global
	GlobalSection(SolutionConfigurationPlatforms) = preSolution
		Debug|Any CPU = Debug|Any CPU
		Release|Any CPU = Release|Any CPU
	EndGlobalSection
	GlobalSection(ProjectConfigurationPlatforms) = postSolution
		{DB621E8D-9D2F-4A01-BBE5-B5D608D2C3E1}.Debug|Any CPU.ActiveCfg = Debug|Any CPU
		{DB621E8D-9D2F-4A01-BBE5-B5D608D2C3E1}.Debug|Any CPU.Build.0 = Debug|Any CPU
		{DB621E8D-9D2F-4A01-BBE5-B5D608D2C3E1}.Release|Any CPU.ActiveCfg = Release|Any CPU
		{DB621E8D-9D2F-4A01-BBE5-B5D608D2C3E1}.Release|Any CPU.Build.0 = Release|Any CPU
	EndGlobalSection
	GlobalSection(SolutionProperties) = preSolution
		HideSolutionNode = FALSE
	EndGlobalSection
	GlobalSection(ExtensibilityGlobals) = postSolution
		SolutionGuid = {7519958C-6A42-46DF-8F92-BBB5D6D8570E}
	EndGlobalSection
EndGlobal
